{
  "version": 4,
  "terraform_version": "1.5.5",
  "serial": 1,
  "lineage": "ba98ddac-e544-afc8-cf76-89802c1b4eb7",
  "outputs": {},
  "resources": [
    {
      "mode": "managed",
      "type": "random_id",
      "name": "bucket_prefix",
      "provider": "provider[\"registry.terraform.io/hashicorp/random\"]",
      "instances": [
        {
          "schema_version": 0,
          "attributes": {
            "b64_std": "YYbhZ3rA6i0=",
            "b64_url": "YYbhZ3rA6i0",
            "byte_length": 8,
            "dec": "7027552103115581997",
            "hex": "6186e1677ac0ea2d",
            "id": "YYbhZ3rA6i0",
            "keepers": null,
            "prefix": null
          },
          "sensitive_attributes": []
        }
      ]
    }
  ],
  "check_results": null
}
